
Microsoft Visual Studio Solution File, Format Version 12.00
# Visual Studio Version 17
VisualStudioVersion = 17.11.35327.3
MinimumVisualStudioVersion = 10.0.40219.1
Project("{FAE04EC0-301F-11D3-BF4B-00C04F79EFBC}") = "P2_1_714230062", "P2_1_714230062\P2_1_714230062.csproj", "{61C19A5F-D595-457B-876F-5A01E826C9F0}"
EndProject
Global
	GlobalSection(SolutionConfigurationPlatforms) = preSolution
		Debug|Any CPU = Debug|Any CPU
		Release|Any CPU = Release|Any CPU
	EndGlobalSection
	GlobalSection(ProjectConfigurationPlatforms) = postSolution
		{61C19A5F-D595-457B-876F-5A01E826C9F0}.Debug|Any CPU.ActiveCfg = Debug|Any CPU
		{61C19A5F-D595-457B-876F-5A01E826C9F0}.Debug|Any CPU.Build.0 = Debug|Any CPU
		{61C19A5F-D595-457B-876F-5A01E826C9F0}.Release|Any CPU.ActiveCfg = Release|Any CPU
		{61C19A5F-D595-457B-876F-5A01E826C9F0}.Release|Any CPU.Build.0 = Release|Any CPU
	EndGlobalSection
	GlobalSection(SolutionProperties) = preSolution
		HideSolutionNode = FALSE
	EndGlobalSection
	GlobalSection(ExtensibilityGlobals) = postSolution
		SolutionGuid = {C9A7333B-222F-420D-93B4-BACA9436F832}
	EndGlobalSection
EndGlobal
