
Microsoft Visual Studio Solution File, Format Version 12.00
# Visual Studio Version 17
VisualStudioVersion = 17.11.35327.3
MinimumVisualStudioVersion = 10.0.40219.1
Project("{FAE04EC0-301F-11D3-BF4B-00C04F79EFBC}") = "P4_1_714230062", "P4_1_714230062\P4_1_714230062.csproj", "{B7EC3B42-8BBE-4E3F-8D4E-E857BBD21A89}"
EndProject
Global
	GlobalSection(SolutionConfigurationPlatforms) = preSolution
		Debug|Any CPU = Debug|Any CPU
		Release|Any CPU = Release|Any CPU
	EndGlobalSection
	GlobalSection(ProjectConfigurationPlatforms) = postSolution
		{B7EC3B42-8BBE-4E3F-8D4E-E857BBD21A89}.Debug|Any CPU.ActiveCfg = Debug|Any CPU
		{B7EC3B42-8BBE-4E3F-8D4E-E857BBD21A89}.Debug|Any CPU.Build.0 = Debug|Any CPU
		{B7EC3B42-8BBE-4E3F-8D4E-E857BBD21A89}.Release|Any CPU.ActiveCfg = Release|Any CPU
		{B7EC3B42-8BBE-4E3F-8D4E-E857BBD21A89}.Release|Any CPU.Build.0 = Release|Any CPU
	EndGlobalSection
	GlobalSection(SolutionProperties) = preSolution
		HideSolutionNode = FALSE
	EndGlobalSection
	GlobalSection(ExtensibilityGlobals) = postSolution
		SolutionGuid = {DA410A1D-1BAF-4440-991B-00E8AEB92702}
	EndGlobalSection
EndGlobal
