
Microsoft Visual Studio Solution File, Format Version 12.00
# Visual Studio Version 17
VisualStudioVersion = 17.11.35327.3
MinimumVisualStudioVersion = 10.0.40219.1
Project("{FAE04EC0-301F-11D3-BF4B-00C04F79EFBC}") = "P6_1_714230062", "P6_1_714230062\P6_1_714230062.csproj", "{6C94C9A5-AF82-47C8-9662-CFD3FEB679A8}"
EndProject
Global
	GlobalSection(SolutionConfigurationPlatforms) = preSolution
		Debug|Any CPU = Debug|Any CPU
		Release|Any CPU = Release|Any CPU
	EndGlobalSection
	GlobalSection(ProjectConfigurationPlatforms) = postSolution
		{6C94C9A5-AF82-47C8-9662-CFD3FEB679A8}.Debug|Any CPU.ActiveCfg = Debug|Any CPU
		{6C94C9A5-AF82-47C8-9662-CFD3FEB679A8}.Debug|Any CPU.Build.0 = Debug|Any CPU
		{6C94C9A5-AF82-47C8-9662-CFD3FEB679A8}.Release|Any CPU.ActiveCfg = Release|Any CPU
		{6C94C9A5-AF82-47C8-9662-CFD3FEB679A8}.Release|Any CPU.Build.0 = Release|Any CPU
	EndGlobalSection
	GlobalSection(SolutionProperties) = preSolution
		HideSolutionNode = FALSE
	EndGlobalSection
	GlobalSection(ExtensibilityGlobals) = postSolution
		SolutionGuid = {43D1EC03-222B-4D16-9EEC-0BCCA793B136}
	EndGlobalSection
EndGlobal
